
Microsoft Visual Studio Solution File, Format Version 12.00
# Visual Studio 14
VisualStudioVersion = 14.0.25123.0
MinimumVisualStudioVersion = 10.0.40219.1
Project("{FAE04EC0-301F-11D3-BF4B-00C04F79EFBC}") = "Sitecore.CacheObserver", "Sitecore.CacheObserver\Sitecore.CacheObserver.csproj", "{0888847D-B8F5-41B8-B903-9AAE73C59768}"
EndProject
Global
	GlobalSection(SolutionConfigurationPlatforms) = preSolution
		Debug|Any CPU = Debug|Any CPU
		Release|Any CPU = Release|Any CPU
	EndGlobalSection
	GlobalSection(ProjectConfigurationPlatforms) = postSolution
		{0888847D-B8F5-41B8-B903-9AAE73C59768}.Debug|Any CPU.ActiveCfg = Debug|Any CPU
		{0888847D-B8F5-41B8-B903-9AAE73C59768}.Debug|Any CPU.Build.0 = Debug|Any CPU
		{0888847D-B8F5-41B8-B903-9AAE73C59768}.Release|Any CPU.ActiveCfg = Release|Any CPU
		{0888847D-B8F5-41B8-B903-9AAE73C59768}.Release|Any CPU.Build.0 = Release|Any CPU
	EndGlobalSection
	GlobalSection(SolutionProperties) = preSolution
		HideSolutionNode = FALSE
	EndGlobalSection
EndGlobal
